
Microsoft Visual Studio Solution File, Format Version 12.00
# Visual Studio Version 16
VisualStudioVersion = 16.0.31424.327
MinimumVisualStudioVersion = 10.0.40219.1
Project("{FAE04EC0-301F-11D3-BF4B-00C04F79EFBC}") = "MvcUp1", "MvcUp1\MvcUp1.csproj", "{BAC72D60-55D2-4B7B-9999-95F4BDAC3D17}"
EndProject
Global
	GlobalSection(SolutionConfigurationPlatforms) = preSolution
		Debug|Any CPU = Debug|Any CPU
		Release|Any CPU = Release|Any CPU
	EndGlobalSection
	GlobalSection(ProjectConfigurationPlatforms) = postSolution
		{BAC72D60-55D2-4B7B-9999-95F4BDAC3D17}.Debug|Any CPU.ActiveCfg = Debug|Any CPU
		{BAC72D60-55D2-4B7B-9999-95F4BDAC3D17}.Debug|Any CPU.Build.0 = Debug|Any CPU
		{BAC72D60-55D2-4B7B-9999-95F4BDAC3D17}.Release|Any CPU.ActiveCfg = Release|Any CPU
		{BAC72D60-55D2-4B7B-9999-95F4BDAC3D17}.Release|Any CPU.Build.0 = Release|Any CPU
	EndGlobalSection
	GlobalSection(SolutionProperties) = preSolution
		HideSolutionNode = FALSE
	EndGlobalSection
	GlobalSection(ExtensibilityGlobals) = postSolution
		SolutionGuid = {6BBC6E39-1F94-4F73-BCAF-9C362E2152E5}
	EndGlobalSection
EndGlobal
